
Microsoft Visual Studio Solution File, Format Version 12.00
# Visual Studio 14
VisualStudioVersion = 14.0.25420.1
MinimumVisualStudioVersion = 10.0.40219.1
Project("{FAE04EC0-301F-11D3-BF4B-00C04F79EFBC}") = "PileClassLibrary", "PileClassLibrary\PileClassLibrary.csproj", "{25839A00-CFE1-4843-8BBF-0D753AB2F7F5}"
EndProject
Project("{FAE04EC0-301F-11D3-BF4B-00C04F79EFBC}") = "Server", "Server\Server.csproj", "{5E26A675-098E-48A4-BBE8-CAA8FD25B0A7}"
EndProject
Project("{FAE04EC0-301F-11D3-BF4B-00C04F79EFBC}") = "Clients", "Clients\Clients.csproj", "{95C1B08F-49E1-49E4-B1D5-22B8DE4A74C5}"
EndProject
Global
	GlobalSection(SolutionConfigurationPlatforms) = preSolution
		Debug|Any CPU = Debug|Any CPU
		Release|Any CPU = Release|Any CPU
	EndGlobalSection
	GlobalSection(ProjectConfigurationPlatforms) = postSolution
		{25839A00-CFE1-4843-8BBF-0D753AB2F7F5}.Debug|Any CPU.ActiveCfg = Debug|Any CPU
		{25839A00-CFE1-4843-8BBF-0D753AB2F7F5}.Debug|Any CPU.Build.0 = Debug|Any CPU
		{25839A00-CFE1-4843-8BBF-0D753AB2F7F5}.Release|Any CPU.ActiveCfg = Release|Any CPU
		{25839A00-CFE1-4843-8BBF-0D753AB2F7F5}.Release|Any CPU.Build.0 = Release|Any CPU
		{5E26A675-098E-48A4-BBE8-CAA8FD25B0A7}.Debug|Any CPU.ActiveCfg = Debug|Any CPU
		{5E26A675-098E-48A4-BBE8-CAA8FD25B0A7}.Debug|Any CPU.Build.0 = Debug|Any CPU
		{5E26A675-098E-48A4-BBE8-CAA8FD25B0A7}.Release|Any CPU.ActiveCfg = Release|Any CPU
		{5E26A675-098E-48A4-BBE8-CAA8FD25B0A7}.Release|Any CPU.Build.0 = Release|Any CPU
		{95C1B08F-49E1-49E4-B1D5-22B8DE4A74C5}.Debug|Any CPU.ActiveCfg = Debug|Any CPU
		{95C1B08F-49E1-49E4-B1D5-22B8DE4A74C5}.Debug|Any CPU.Build.0 = Debug|Any CPU
		{95C1B08F-49E1-49E4-B1D5-22B8DE4A74C5}.Release|Any CPU.ActiveCfg = Release|Any CPU
		{95C1B08F-49E1-49E4-B1D5-22B8DE4A74C5}.Release|Any CPU.Build.0 = Release|Any CPU
	EndGlobalSection
	GlobalSection(SolutionProperties) = preSolution
		HideSolutionNode = FALSE
	EndGlobalSection
EndGlobal
